
Microsoft Visual Studio Solution File, Format Version 12.00
# Visual Studio Version 16
VisualStudioVersion = 16.0.29509.3
MinimumVisualStudioVersion = 10.0.40219.1
Project("{8BC9CEB8-8B4A-11D0-8D11-00A0C91BC942}") = "ConsoleApplication1", "ConsoleApplication1\ConsoleApplication1.vcxproj", "{B1F1F4D8-6F9F-4DD8-8D3F-B35FD4E11E72}"
EndProject
Global
	GlobalSection(SolutionConfigurationPlatforms) = preSolution
		Debug|x64 = Debug|x64
		Debug|x86 = Debug|x86
		Release|x64 = Release|x64
		Release|x86 = Release|x86
	EndGlobalSection
	GlobalSection(ProjectConfigurationPlatforms) = postSolution
		{B1F1F4D8-6F9F-4DD8-8D3F-B35FD4E11E72}.Debug|x64.ActiveCfg = Debug|x64
		{B1F1F4D8-6F9F-4DD8-8D3F-B35FD4E11E72}.Debug|x64.Build.0 = Debug|x64
		{B1F1F4D8-6F9F-4DD8-8D3F-B35FD4E11E72}.Debug|x86.ActiveCfg = Debug|Win32
		{B1F1F4D8-6F9F-4DD8-8D3F-B35FD4E11E72}.Debug|x86.Build.0 = Debug|Win32
		{B1F1F4D8-6F9F-4DD8-8D3F-B35FD4E11E72}.Release|x64.ActiveCfg = Release|x64
		{B1F1F4D8-6F9F-4DD8-8D3F-B35FD4E11E72}.Release|x64.Build.0 = Release|x64
		{B1F1F4D8-6F9F-4DD8-8D3F-B35FD4E11E72}.Release|x86.ActiveCfg = Release|Win32
		{B1F1F4D8-6F9F-4DD8-8D3F-B35FD4E11E72}.Release|x86.Build.0 = Release|Win32
	EndGlobalSection
	GlobalSection(SolutionProperties) = preSolution
		HideSolutionNode = FALSE
	EndGlobalSection
	GlobalSection(ExtensibilityGlobals) = postSolution
		SolutionGuid = {F3DA6933-2207-4FF5-90E0-4F32F8BB2034}
	EndGlobalSection
EndGlobal
